
Microsoft Visual Studio Solution File, Format Version 12.00
# Visual Studio 15
VisualStudioVersion = 15.0.28010.2026
MinimumVisualStudioVersion = 10.0.40219.1
Project("{FAE04EC0-301F-11D3-BF4B-00C04F79EFBC}") = "Task - ConsoleApp", "Task - ConsoleApp\Task - ConsoleApp.csproj", "{985C5310-F1B7-45B9-9F44-637037C02DC3}"
EndProject
Global
	GlobalSection(SolutionConfigurationPlatforms) = preSolution
		Debug|Any CPU = Debug|Any CPU
		Release|Any CPU = Release|Any CPU
	EndGlobalSection
	GlobalSection(ProjectConfigurationPlatforms) = postSolution
		{985C5310-F1B7-45B9-9F44-637037C02DC3}.Debug|Any CPU.ActiveCfg = Debug|Any CPU
		{985C5310-F1B7-45B9-9F44-637037C02DC3}.Debug|Any CPU.Build.0 = Debug|Any CPU
		{985C5310-F1B7-45B9-9F44-637037C02DC3}.Release|Any CPU.ActiveCfg = Release|Any CPU
		{985C5310-F1B7-45B9-9F44-637037C02DC3}.Release|Any CPU.Build.0 = Release|Any CPU
	EndGlobalSection
	GlobalSection(SolutionProperties) = preSolution
		HideSolutionNode = FALSE
	EndGlobalSection
	GlobalSection(ExtensibilityGlobals) = postSolution
		SolutionGuid = {499CEE59-C035-4DC7-94C0-794ACB614B9B}
	EndGlobalSection
EndGlobal
